<?xml version="1.0" encoding="utf-8"?>
<Project ToolsVersion="4.0" xmlns="http://schemas.microsoft.com/developer/msbuild/2003">
  <ItemGroup>
    <Filter Include="Source Files">
      <UniqueIdentifier>{4FC737F1-C7A5-4376-A066-2A32D752A2FF}</UniqueIdentifier>
      <Extensions>cpp;c;cc;cxx;c++;def;odl;idl;hpj;bat;asm;asmx</Extensions>
    </Filter>
    <Filter Include="Header Files">
      <UniqueIdentifier>{93995380-89BD-4b04-88EB-625FBE52EBFB}</UniqueIdentifier>
      <Extensions>h;hh;hpp;hxx;h++;hm;inl;inc;ipp;xsd</Extensions>
    </Filter>
    <Filter Include="Resource Files">
      <UniqueIdentifier>{67DA6AB6-F800-4c08-8B7A-83BB121AAD01}</UniqueIdentifier>
      <Extensions>rc;ico;cur;bmp;dlg;rc2;rct;bin;rgs;gif;jpg;jpeg;jpe;resx;tiff;tif;png;wav;mfcribbon-ms</Extensions>
    </Filter>
  </ItemGroup>
  <ItemGroup>
    <ClCompile Include="src\Raytracer\Camera.cpp">
      <Filter>Source Files</Filter>
    </ClCompile>
    <ClCompile Include="src\Raytracer\loadScene.cpp">
      <Filter>Source Files</Filter>
    </ClCompile>
    <ClCompile Include="src\Raytracer\main.cpp">
      <Filter>Source Files</Filter>
    </ClCompile>
    <ClCompile Include="src\Raytracer\Renderer.cpp">
      <Filter>Source Files</Filter>
    </ClCompile>
    <ClCompile Include="src\Raytracer\Samples.cpp">
      <Filter>Source Files</Filter>
    </ClCompile>
    <ClCompile Include="src\Raytracer\Scene.cpp">
      <Filter>Source Files</Filter>
    </ClCompile>
    <ClCompile Include="src\Raytracer\primitives\Sphere.cpp">
      <Filter>Source Files</Filter>
    </ClCompile>
    <ClCompile Include="src\Raytracer\primitives\Triangle.cpp">
      <Filter>Source Files</Filter>
    </ClCompile>
  </ItemGroup>
  <ItemGroup>
    <ClInclude Include="src\Raytracer\BxDFs.h">
      <Filter>Header Files</Filter>
    </ClInclude>
    <ClInclude Include="src\Raytracer\Camera.h">
      <Filter>Header Files</Filter>
    </ClInclude>
    <ClInclude Include="src\Raytracer\cmpVertexToPlane.h">
      <Filter>Header Files</Filter>
    </ClInclude>
    <ClInclude Include="src\Raytracer\Color.h">
      <Filter>Header Files</Filter>
    </ClInclude>
    <ClInclude Include="src\Raytracer\Counter.h">
      <Filter>Header Files</Filter>
    </ClInclude>
    <ClInclude Include="src\Raytracer\glmfmt.h">
      <Filter>Header Files</Filter>
    </ClInclude>
    <ClInclude Include="src\Raytracer\IntersectionTrace.h">
      <Filter>Header Files</Filter>
    </ClInclude>
    <ClInclude Include="src\Raytracer\loadScene.h">
      <Filter>Header Files</Filter>
    </ClInclude>
    <ClInclude Include="src\Raytracer\Material.h">
      <Filter>Header Files</Filter>
    </ClInclude>
    <ClInclude Include="src\Raytracer\Norm3.h">
      <Filter>Header Files</Filter>
    </ClInclude>
    <ClInclude Include="src\Raytracer\OcTree.h">
      <Filter>Header Files</Filter>
    </ClInclude>
    <ClInclude Include="src\Raytracer\Ray.h">
      <Filter>Header Files</Filter>
    </ClInclude>
    <ClInclude Include="src\Raytracer\Renderer.h">
      <Filter>Header Files</Filter>
    </ClInclude>
    <ClInclude Include="src\Raytracer\Samples.h">
      <Filter>Header Files</Filter>
    </ClInclude>
    <ClInclude Include="src\Raytracer\Scene.h">
      <Filter>Header Files</Filter>
    </ClInclude>
    <ClInclude Include="src\Raytracer\primitives\BoundingBox.h">
      <Filter>Header Files</Filter>
    </ClInclude>
    <ClInclude Include="src\Raytracer\primitives\Geometry.h">
      <Filter>Header Files</Filter>
    </ClInclude>
    <ClInclude Include="src\Raytracer\primitives\GeometryConcept.h">
      <Filter>Header Files</Filter>
    </ClInclude>
    <ClInclude Include="src\Raytracer\primitives\Sphere.h">
      <Filter>Header Files</Filter>
    </ClInclude>
    <ClInclude Include="src\Raytracer\primitives\Triangle.h">
      <Filter>Header Files</Filter>
    </ClInclude>
    <ClInclude Include="src\Raytracer\util\Constants.h">
      <Filter>Header Files</Filter>
    </ClInclude>
    <ClInclude Include="src\Raytracer\util\func_ref.h">
      <Filter>Header Files</Filter>
    </ClInclude>
    <ClInclude Include="src\Raytracer\util\ThreadPool.h">
      <Filter>Header Files</Filter>
    </ClInclude>
    <ClInclude Include="src\Raytracer\util\Timer.h">
      <Filter>Header Files</Filter>
    </ClInclude>
    <ClInclude Include="src\Raytracer\util\utilities.h">
      <Filter>Header Files</Filter>
    </ClInclude>
  </ItemGroup>
  <ItemGroup>
    <None Include="static_analysis_rules.ruleset" />
  </ItemGroup>
</Project>